
Microsoft Visual Studio Solution File, Format Version 12.00
# Visual Studio Version 17
VisualStudioVersion = 17.2.32630.192
MinimumVisualStudioVersion = 10.0.40219.1
Project("{FAE04EC0-301F-11D3-BF4B-00C04F79EFBC}") = "Multithreading", "Multithreading\Multithreading.csproj", "{44033686-E810-4BD8-80F1-FCF69C617C4D}"
EndProject
Global
	GlobalSection(SolutionConfigurationPlatforms) = preSolution
		Debug|Any CPU = Debug|Any CPU
		Release|Any CPU = Release|Any CPU
	EndGlobalSection
	GlobalSection(ProjectConfigurationPlatforms) = postSolution
		{44033686-E810-4BD8-80F1-FCF69C617C4D}.Debug|Any CPU.ActiveCfg = Debug|Any CPU
		{44033686-E810-4BD8-80F1-FCF69C617C4D}.Debug|Any CPU.Build.0 = Debug|Any CPU
		{44033686-E810-4BD8-80F1-FCF69C617C4D}.Release|Any CPU.ActiveCfg = Release|Any CPU
		{44033686-E810-4BD8-80F1-FCF69C617C4D}.Release|Any CPU.Build.0 = Release|Any CPU
	EndGlobalSection
	GlobalSection(SolutionProperties) = preSolution
		HideSolutionNode = FALSE
	EndGlobalSection
	GlobalSection(ExtensibilityGlobals) = postSolution
		SolutionGuid = {74E1BAC9-73C4-4BED-A3AA-35FAE83DDD85}
	EndGlobalSection
EndGlobal
