
Microsoft Visual Studio Solution File, Format Version 12.00
# Visual Studio Version 17
VisualStudioVersion = 17.2.32630.192
MinimumVisualStudioVersion = 10.0.40219.1
Project("{2150E333-8FDC-42A3-9474-1A3956D46DE8}") = "proto", "proto", "{DB128572-C8A2-4E86-9B14-D282127446CF}"
	ProjectSection(SolutionItems) = preProject
		dummy.proto.txt = dummy.proto.txt
	EndProjectSection
EndProject
Project("{FAE04EC0-301F-11D3-BF4B-00C04F79EFBC}") = "client", "client\client.csproj", "{6656DA74-CB97-47CC-8E33-991C98C7E7AF}"
EndProject
Project("{FAE04EC0-301F-11D3-BF4B-00C04F79EFBC}") = "server", "server\server.csproj", "{3FA2D01C-33E3-4537-AE23-5CE8F6E4F93E}"
EndProject
Global
	GlobalSection(SolutionConfigurationPlatforms) = preSolution
		Debug|Any CPU = Debug|Any CPU
		Release|Any CPU = Release|Any CPU
	EndGlobalSection
	GlobalSection(ProjectConfigurationPlatforms) = postSolution
		{6656DA74-CB97-47CC-8E33-991C98C7E7AF}.Debug|Any CPU.ActiveCfg = Debug|Any CPU
		{6656DA74-CB97-47CC-8E33-991C98C7E7AF}.Debug|Any CPU.Build.0 = Debug|Any CPU
		{6656DA74-CB97-47CC-8E33-991C98C7E7AF}.Release|Any CPU.ActiveCfg = Release|Any CPU
		{6656DA74-CB97-47CC-8E33-991C98C7E7AF}.Release|Any CPU.Build.0 = Release|Any CPU
		{3FA2D01C-33E3-4537-AE23-5CE8F6E4F93E}.Debug|Any CPU.ActiveCfg = Debug|Any CPU
		{3FA2D01C-33E3-4537-AE23-5CE8F6E4F93E}.Debug|Any CPU.Build.0 = Debug|Any CPU
		{3FA2D01C-33E3-4537-AE23-5CE8F6E4F93E}.Release|Any CPU.ActiveCfg = Release|Any CPU
		{3FA2D01C-33E3-4537-AE23-5CE8F6E4F93E}.Release|Any CPU.Build.0 = Release|Any CPU
	EndGlobalSection
	GlobalSection(SolutionProperties) = preSolution
		HideSolutionNode = FALSE
	EndGlobalSection
	GlobalSection(ExtensibilityGlobals) = postSolution
		SolutionGuid = {B0733805-EBE9-4A4B-9043-19FEC2518E37}
	EndGlobalSection
EndGlobal
